
Microsoft Visual Studio Solution File, Format Version 12.00
# Visual Studio Version 17
VisualStudioVersion = 17.8.34525.116
MinimumVisualStudioVersion = 10.0.40219.1
Project("{9A19103F-16F7-4668-BE54-9A1E7A4F7556}") = "AgudahProject", "AgudahProject.csproj", "{F5EC16A9-74BA-44AC-B572-2E9B3BC84904}"
EndProject
Project("{FAE04EC0-301F-11D3-BF4B-00C04F79EFBC}") = "Testing IO", "..\Teating IO\Testing IO.csproj", "{670BE92D-B9D5-4CB1-AD77-BFF65B2659F1}"
EndProject
Global
	GlobalSection(SolutionConfigurationPlatforms) = preSolution
		Debug|Any CPU = Debug|Any CPU
		Release|Any CPU = Release|Any CPU
	EndGlobalSection
	GlobalSection(ProjectConfigurationPlatforms) = postSolution
		{F5EC16A9-74BA-44AC-B572-2E9B3BC84904}.Debug|Any CPU.ActiveCfg = Debug|Any CPU
		{F5EC16A9-74BA-44AC-B572-2E9B3BC84904}.Debug|Any CPU.Build.0 = Debug|Any CPU
		{F5EC16A9-74BA-44AC-B572-2E9B3BC84904}.Release|Any CPU.ActiveCfg = Release|Any CPU
		{F5EC16A9-74BA-44AC-B572-2E9B3BC84904}.Release|Any CPU.Build.0 = Release|Any CPU
		{670BE92D-B9D5-4CB1-AD77-BFF65B2659F1}.Debug|Any CPU.ActiveCfg = Debug|Any CPU
		{670BE92D-B9D5-4CB1-AD77-BFF65B2659F1}.Debug|Any CPU.Build.0 = Debug|Any CPU
		{670BE92D-B9D5-4CB1-AD77-BFF65B2659F1}.Release|Any CPU.ActiveCfg = Release|Any CPU
		{670BE92D-B9D5-4CB1-AD77-BFF65B2659F1}.Release|Any CPU.Build.0 = Release|Any CPU
	EndGlobalSection
	GlobalSection(SolutionProperties) = preSolution
		HideSolutionNode = FALSE
	EndGlobalSection
	GlobalSection(ExtensibilityGlobals) = postSolution
		SolutionGuid = {F551A099-B4CB-43B9-9CC0-D80F53DCF665}
	EndGlobalSection
EndGlobal
